
Microsoft Visual Studio Solution File, Format Version 12.00
# Visual Studio Version 16
VisualStudioVersion = 16.0.30907.101
MinimumVisualStudioVersion = 10.0.40219.1
Project("{FAE04EC0-301F-11D3-BF4B-00C04F79EFBC}") = "PMQLSQA", "PMQLSQA\PMQLSQA.csproj", "{654092FD-08D0-4D6C-B29B-34628615C077}"
EndProject
Global
	GlobalSection(SolutionConfigurationPlatforms) = preSolution
		Debug|Any CPU = Debug|Any CPU
		Release|Any CPU = Release|Any CPU
	EndGlobalSection
	GlobalSection(ProjectConfigurationPlatforms) = postSolution
		{654092FD-08D0-4D6C-B29B-34628615C077}.Debug|Any CPU.ActiveCfg = Debug|Any CPU
		{654092FD-08D0-4D6C-B29B-34628615C077}.Debug|Any CPU.Build.0 = Debug|Any CPU
		{654092FD-08D0-4D6C-B29B-34628615C077}.Release|Any CPU.ActiveCfg = Release|Any CPU
		{654092FD-08D0-4D6C-B29B-34628615C077}.Release|Any CPU.Build.0 = Release|Any CPU
	EndGlobalSection
	GlobalSection(SolutionProperties) = preSolution
		HideSolutionNode = FALSE
	EndGlobalSection
	GlobalSection(ExtensibilityGlobals) = postSolution
		SolutionGuid = {6A2977F6-077F-4BF1-B8C7-0B2C5F3828F3}
	EndGlobalSection
EndGlobal
